
Microsoft Visual Studio Solution File, Format Version 12.00
# Visual Studio Version 17
VisualStudioVersion = 17.7.34202.233
MinimumVisualStudioVersion = 10.0.40219.1
Project("{8BC9CEB8-8B4A-11D0-8D11-00A0C91BC942}") = "MemoryModule", "MemoryModule\MemoryModule.vcxproj", "{5B1F46DB-036E-4A50-AF5F-F5D6584D42C6}"
EndProject
Project("{8BC9CEB8-8B4A-11D0-8D11-00A0C91BC942}") = "test", "test\test.vcxproj", "{5B3131BA-178A-4A28-BD54-315A45C97ED1}"
EndProject
Project("{8BC9CEB8-8B4A-11D0-8D11-00A0C91BC942}") = "a", "a\a.vcxproj", "{DA79C619-BDAC-4CF1-A38C-B1F5E05F4485}"
EndProject
Global
	GlobalSection(SolutionConfigurationPlatforms) = preSolution
		Debug|ARM = Debug|ARM
		Debug|ARM64 = Debug|ARM64
		Debug|x64 = Debug|x64
		Debug|x86 = Debug|x86
		Release|ARM = Release|ARM
		Release|ARM64 = Release|ARM64
		Release|x64 = Release|x64
		Release|x86 = Release|x86
	EndGlobalSection
	GlobalSection(ProjectConfigurationPlatforms) = postSolution
		{5B1F46DB-036E-4A50-AF5F-F5D6584D42C6}.Debug|ARM.ActiveCfg = Debug|ARM
		{5B1F46DB-036E-4A50-AF5F-F5D6584D42C6}.Debug|ARM.Build.0 = Debug|ARM
		{5B1F46DB-036E-4A50-AF5F-F5D6584D42C6}.Debug|ARM64.ActiveCfg = Debug|ARM64
		{5B1F46DB-036E-4A50-AF5F-F5D6584D42C6}.Debug|ARM64.Build.0 = Debug|ARM64
		{5B1F46DB-036E-4A50-AF5F-F5D6584D42C6}.Debug|x64.ActiveCfg = Debug|x64
		{5B1F46DB-036E-4A50-AF5F-F5D6584D42C6}.Debug|x64.Build.0 = Debug|x64
		{5B1F46DB-036E-4A50-AF5F-F5D6584D42C6}.Debug|x86.ActiveCfg = Debug|Win32
		{5B1F46DB-036E-4A50-AF5F-F5D6584D42C6}.Debug|x86.Build.0 = Debug|Win32
		{5B1F46DB-036E-4A50-AF5F-F5D6584D42C6}.Release|ARM.ActiveCfg = Release|ARM
		{5B1F46DB-036E-4A50-AF5F-F5D6584D42C6}.Release|ARM.Build.0 = Release|ARM
		{5B1F46DB-036E-4A50-AF5F-F5D6584D42C6}.Release|ARM64.ActiveCfg = Release|ARM64
		{5B1F46DB-036E-4A50-AF5F-F5D6584D42C6}.Release|ARM64.Build.0 = Release|ARM64
		{5B1F46DB-036E-4A50-AF5F-F5D6584D42C6}.Release|x64.ActiveCfg = Release|x64
		{5B1F46DB-036E-4A50-AF5F-F5D6584D42C6}.Release|x64.Build.0 = Release|x64
		{5B1F46DB-036E-4A50-AF5F-F5D6584D42C6}.Release|x86.ActiveCfg = Release|Win32
		{5B1F46DB-036E-4A50-AF5F-F5D6584D42C6}.Release|x86.Build.0 = Release|Win32
		{5B3131BA-178A-4A28-BD54-315A45C97ED1}.Debug|ARM.ActiveCfg = Debug|ARM
		{5B3131BA-178A-4A28-BD54-315A45C97ED1}.Debug|ARM.Build.0 = Debug|ARM
		{5B3131BA-178A-4A28-BD54-315A45C97ED1}.Debug|ARM64.ActiveCfg = Debug|ARM64
		{5B3131BA-178A-4A28-BD54-315A45C97ED1}.Debug|ARM64.Build.0 = Debug|ARM64
		{5B3131BA-178A-4A28-BD54-315A45C97ED1}.Debug|x64.ActiveCfg = Debug|x64
		{5B3131BA-178A-4A28-BD54-315A45C97ED1}.Debug|x64.Build.0 = Debug|x64
		{5B3131BA-178A-4A28-BD54-315A45C97ED1}.Debug|x64.Deploy.0 = Debug|x64
		{5B3131BA-178A-4A28-BD54-315A45C97ED1}.Debug|x86.ActiveCfg = Debug|Win32
		{5B3131BA-178A-4A28-BD54-315A45C97ED1}.Debug|x86.Build.0 = Debug|Win32
		{5B3131BA-178A-4A28-BD54-315A45C97ED1}.Debug|x86.Deploy.0 = Debug|Win32
		{5B3131BA-178A-4A28-BD54-315A45C97ED1}.Release|ARM.ActiveCfg = Release|ARM
		{5B3131BA-178A-4A28-BD54-315A45C97ED1}.Release|ARM.Build.0 = Release|ARM
		{5B3131BA-178A-4A28-BD54-315A45C97ED1}.Release|ARM64.ActiveCfg = Release|ARM64
		{5B3131BA-178A-4A28-BD54-315A45C97ED1}.Release|ARM64.Build.0 = Release|ARM64
		{5B3131BA-178A-4A28-BD54-315A45C97ED1}.Release|x64.ActiveCfg = Release|x64
		{5B3131BA-178A-4A28-BD54-315A45C97ED1}.Release|x64.Build.0 = Release|x64
		{5B3131BA-178A-4A28-BD54-315A45C97ED1}.Release|x86.ActiveCfg = Release|Win32
		{5B3131BA-178A-4A28-BD54-315A45C97ED1}.Release|x86.Build.0 = Release|Win32
		{DA79C619-BDAC-4CF1-A38C-B1F5E05F4485}.Debug|ARM.ActiveCfg = Debug|ARM
		{DA79C619-BDAC-4CF1-A38C-B1F5E05F4485}.Debug|ARM.Build.0 = Debug|ARM
		{DA79C619-BDAC-4CF1-A38C-B1F5E05F4485}.Debug|ARM64.ActiveCfg = Debug|ARM64
		{DA79C619-BDAC-4CF1-A38C-B1F5E05F4485}.Debug|ARM64.Build.0 = Debug|ARM64
		{DA79C619-BDAC-4CF1-A38C-B1F5E05F4485}.Debug|x64.ActiveCfg = Debug|x64
		{DA79C619-BDAC-4CF1-A38C-B1F5E05F4485}.Debug|x64.Build.0 = Debug|x64
		{DA79C619-BDAC-4CF1-A38C-B1F5E05F4485}.Debug|x86.ActiveCfg = Debug|Win32
		{DA79C619-BDAC-4CF1-A38C-B1F5E05F4485}.Debug|x86.Build.0 = Debug|Win32
		{DA79C619-BDAC-4CF1-A38C-B1F5E05F4485}.Release|ARM.ActiveCfg = Release|ARM
		{DA79C619-BDAC-4CF1-A38C-B1F5E05F4485}.Release|ARM.Build.0 = Release|ARM
		{DA79C619-BDAC-4CF1-A38C-B1F5E05F4485}.Release|ARM64.ActiveCfg = Release|ARM64
		{DA79C619-BDAC-4CF1-A38C-B1F5E05F4485}.Release|ARM64.Build.0 = Release|ARM64
		{DA79C619-BDAC-4CF1-A38C-B1F5E05F4485}.Release|x64.ActiveCfg = Release|x64
		{DA79C619-BDAC-4CF1-A38C-B1F5E05F4485}.Release|x64.Build.0 = Release|x64
		{DA79C619-BDAC-4CF1-A38C-B1F5E05F4485}.Release|x86.ActiveCfg = Release|Win32
		{DA79C619-BDAC-4CF1-A38C-B1F5E05F4485}.Release|x86.Build.0 = Release|Win32
	EndGlobalSection
	GlobalSection(SolutionProperties) = preSolution
		HideSolutionNode = FALSE
	EndGlobalSection
	GlobalSection(ExtensibilityGlobals) = postSolution
		SolutionGuid = {B19B9539-E26D-4C78-883F-3AF74BD46D3A}
	EndGlobalSection
EndGlobal
